// !$*UTF8*$!
{
	archiveVersion = 1;
	classes = {
	};
	objectVersion = 46;
	objects = {

/* Begin PBXBuildFile section */
		3F38E3A719C2C8E400C79A72 /* AppDelegate.swift in Sources */ = {isa = PBXBuildFile; fileRef = 3F38E3A619C2C8E400C79A72 /* AppDelegate.swift */; };
		3F38E3A919C2C8E400C79A72 /* ViewController.swift in Sources */ = {isa = PBXBuildFile; fileRef = 3F38E3A819C2C8E400C79A72 /* ViewController.swift */; };
		3F38E3AC19C2C8E400C79A72 /* Main.storyboard in Resources */ = {isa = PBXBuildFile; fileRef = 3F38E3AA19C2C8E400C79A72 /* Main.storyboard */; };
		3F38E3AE19C2C8E400C79A72 /* Images.xcassets in Resources */ = {isa = PBXBuildFile; fileRef = 3F38E3AD19C2C8E400C79A72 /* Images.xcassets */; };
		3F38E3BA19C2C8E400C79A72 /* TipCalculaterTests.swift in Sources */ = {isa = PBXBuildFile; fileRef = 3F38E3B919C2C8E400C79A72 /* TipCalculaterTests.swift */; };
		3F38E41B19C2EE1900C79A72 /* TipCalculatorModel.swift in Sources */ = {isa = PBXBuildFile; fileRef = 3F38E41A19C2EE1900C79A72 /* TipCalculatorModel.swift */; };
/* End PBXBuildFile section */

/* Begin PBXContainerItemProxy section */
		3F38E3B419C2C8E400C79A72 /* PBXContainerItemProxy */ = {
			isa = PBXContainerItemProxy;
			containerPortal = 3F38E39919C2C8E400C79A72 /* Project object */;
			proxyType = 1;
			remoteGlobalIDString = 3F38E3A019C2C8E400C79A72;
			remoteInfo = TipCalculater;
		};
/* End PBXContainerItemProxy section */

/* Begin PBXFileReference section */
		3F38E3A119C2C8E400C79A72 /* TipCalculater.app */ = {isa = PBXFileReference; explicitFileType = wrapper.application; includeInIndex = 0; path = TipCalculater.app; sourceTree = BUILT_PRODUCTS_DIR; };
		3F38E3A519C2C8E400C79A72 /* Info.plist */ = {isa = PBXFileReference; lastKnownFileType = text.plist.xml; path = Info.plist; sourceTree = "<group>"; };
		3F38E3A619C2C8E400C79A72 /* AppDelegate.swift */ = {isa = PBXFileReference; lastKnownFileType = sourcecode.swift; path = AppDelegate.swift; sourceTree = "<group>"; };
		3F38E3A819C2C8E400C79A72 /* ViewController.swift */ = {isa = PBXFileReference; lastKnownFileType = sourcecode.swift; path = ViewController.swift; sourceTree = "<group>"; };
		3F38E3AB19C2C8E400C79A72 /* Base */ = {isa = PBXFileReference; lastKnownFileType = file.storyboard; name = Base; path = Base.lproj/Main.storyboard; sourceTree = "<group>"; };
		3F38E3AD19C2C8E400C79A72 /* Images.xcassets */ = {isa = PBXFileReference; lastKnownFileType = folder.assetcatalog; path = Images.xcassets; sourceTree = "<group>"; };
		3F38E3B319C2C8E400C79A72 /* TipCalculaterTests.xctest */ = {isa = PBXFileReference; explicitFileType = wrapper.cfbundle; includeInIndex = 0; path = TipCalculaterTests.xctest; sourceTree = BUILT_PRODUCTS_DIR; };
		3F38E3B819C2C8E400C79A72 /* Info.plist */ = {isa = PBXFileReference; lastKnownFileType = text.plist.xml; path = Info.plist; sourceTree = "<group>"; };
		3F38E3B919C2C8E400C79A72 /* TipCalculaterTests.swift */ = {isa = PBXFileReference; lastKnownFileType = sourcecode.swift; path = TipCalculaterTests.swift; sourceTree = "<group>"; };
		3F38E41919C2E4EB00C79A72 /* arryCal.playground */ = {isa = PBXFileReference; lastKnownFileType = file.playground; name = arryCal.playground; path = ../../arryCal.playground; sourceTree = "<group>"; };
		3F38E41A19C2EE1900C79A72 /* TipCalculatorModel.swift */ = {isa = PBXFileReference; fileEncoding = 4; lastKnownFileType = sourcecode.swift; path = TipCalculatorModel.swift; sourceTree = "<group>"; };
/* End PBXFileReference section */

/* Begin PBXFrameworksBuildPhase section */
		3F38E39E19C2C8E400C79A72 /* Frameworks */ = {
			isa = PBXFrameworksBuildPhase;
			buildActionMask = 2147483647;
			files = (
			);
			runOnlyForDeploymentPostprocessing = 0;
		};
		3F38E3B019C2C8E400C79A72 /* Frameworks */ = {
			isa = PBXFrameworksBuildPhase;
			buildActionMask = 2147483647;
			files = (
			);
			runOnlyForDeploymentPostprocessing = 0;
		};
/* End PBXFrameworksBuildPhase section */

/* Begin PBXGroup section */
		3F38E39819C2C8E400C79A72 = {
			isa = PBXGroup;
			children = (
				3F38E3A319C2C8E400C79A72 /* TipCalculater */,
				3F38E3B619C2C8E400C79A72 /* TipCalculaterTests */,
				3F38E3A219C2C8E400C79A72 /* Products */,
			);
			sourceTree = "<group>";
		};
		3F38E3A219C2C8E400C79A72 /* Products */ = {
			isa = PBXGroup;
			children = (
				3F38E3A119C2C8E400C79A72 /* TipCalculater.app */,
				3F38E3B319C2C8E400C79A72 /* TipCalculaterTests.xctest */,
			);
			name = Products;
			sourceTree = "<group>";
		};
		3F38E3A319C2C8E400C79A72 /* TipCalculater */ = {
			isa = PBXGroup;
			children = (
				3F38E41919C2E4EB00C79A72 /* arryCal.playground */,
				3F38E3A619C2C8E400C79A72 /* AppDelegate.swift */,
				3F38E3A819C2C8E400C79A72 /* ViewController.swift */,
				3F38E41A19C2EE1900C79A72 /* TipCalculatorModel.swift */,
				3F38E3AA19C2C8E400C79A72 /* Main.storyboard */,
				3F38E3AD19C2C8E400C79A72 /* Images.xcassets */,
				3F38E3A419C2C8E400C79A72 /* Supporting Files */,
			);
			path = TipCalculater;
			sourceTree = "<group>";
		};
		3F38E3A419C2C8E400C79A72 /* Supporting Files */ = {
			isa = PBXGroup;
			children = (
				3F38E3A519C2C8E400C79A72 /* Info.plist */,
			);
			name = "Supporting Files";
			sourceTree = "<group>";
		};
		3F38E3B619C2C8E400C79A72 /* TipCalculaterTests */ = {
			isa = PBXGroup;
			children = (
				3F38E3B919C2C8E400C79A72 /* TipCalculaterTests.swift */,
				3F38E3B719C2C8E400C79A72 /* Supporting Files */,
			);
			path = TipCalculaterTests;
			sourceTree = "<group>";
		};
		3F38E3B719C2C8E400C79A72 /* Supporting Files */ = {
			isa = PBXGroup;
			children = (
				3F38E3B819C2C8E400C79A72 /* Info.plist */,
			);
			name = "Supporting Files";
			sourceTree = "<group>";
		};
/* End PBXGroup section */

/* Begin PBXNativeTarget section */
		3F38E3A019C2C8E400C79A72 /* TipCalculater */ = {
			isa = PBXNativeTarget;
			buildConfigurationList = 3F38E3BD19C2C8E400C79A72 /* Build configuration list for PBXNativeTarget "TipCalculater" */;
			buildPhases = (
				3F38E39D19C2C8E400C79A72 /* Sources */,
				3F38E39E19C2C8E400C79A72 /* Frameworks */,
				3F38E39F19C2C8E400C79A72 /* Resources */,
			);
			buildRules = (
			);
			dependencies = (
			);
			name = TipCalculater;
			productName = TipCalculater;
			productReference = 3F38E3A119C2C8E400C79A72 /* TipCalculater.app */;
			productType = "com.apple.product-type.application";
		};
		3F38E3B219C2C8E400C79A72 /* TipCalculaterTests */ = {
			isa = PBXNativeTarget;
			buildConfigurationList = 3F38E3C019C2C8E400C79A72 /* Build configuration list for PBXNativeTarget "TipCalculaterTests" */;
			buildPhases = (
				3F38E3AF19C2C8E400C79A72 /* Sources */,
				3F38E3B019C2C8E400C79A72 /* Frameworks */,
				3F38E3B119C2C8E400C79A72 /* Resources */,
			);
			buildRules = (
			);
			dependencies = (
				3F38E3B519C2C8E400C79A72 /* PBXTargetDependency */,
			);
			name = TipCalculaterTests;
			productName = TipCalculaterTests;
			productReference = 3F38E3B319C2C8E400C79A72 /* TipCalculaterTests.xctest */;
			productType = "com.apple.product-type.bundle.unit-test";
		};
/* End PBXNativeTarget section */

/* Begin PBXProject section */
		3F38E39919C2C8E400C79A72 /* Project object */ = {
			isa = PBXProject;
			attributes = {
				LastUpgradeCheck = 0600;
				ORGANIZATIONNAME = student;
				TargetAttributes = {
					3F38E3A019C2C8E400C79A72 = {
						CreatedOnToolsVersion = 6.0;
					};
					3F38E3B219C2C8E400C79A72 = {
						CreatedOnToolsVersion = 6.0;
						TestTargetID = 3F38E3A019C2C8E400C79A72;
					};
				};
			};
			buildConfigurationList = 3F38E39C19C2C8E400C79A72 /* Build configuration list for PBXProject "TipCalculater" */;
			compatibilityVersion = "Xcode 3.2";
			developmentRegion = English;
			hasScannedForEncodings = 0;
			knownRegions = (
				en,
				Base,
			);
			mainGroup = 3F38E39819C2C8E400C79A72;
			productRefGroup = 3F38E3A219C2C8E400C79A72 /* Products */;
			projectDirPath = "";
			projectRoot = "";
			targets = (
				3F38E3A019C2C8E400C79A72 /* TipCalculater */,
				3F38E3B219C2C8E400C79A72 /* TipCalculaterTests */,
			);
		};
/* End PBXProject section */

/* Begin PBXResourcesBuildPhase section */
		3F38E39F19C2C8E400C79A72 /* Resources */ = {
			isa = PBXResourcesBuildPhase;
			buildActionMask = 2147483647;
			files = (
				3F38E3AC19C2C8E400C79A72 /* Main.storyboard in Resources */,
				3F38E3AE19C2C8E400C79A72 /* Images.xcassets in Resources */,
			);
			runOnlyForDeploymentPostprocessing = 0;
		};
		3F38E3B119C2C8E400C79A72 /* Resources */ = {
			isa = PBXResourcesBuildPhase;
			buildActionMask = 2147483647;
			files = (
			);
			runOnlyForDeploymentPostprocessing = 0;
		};
/* End PBXResourcesBuildPhase section */

/* Begin PBXSourcesBuildPhase section */
		3F38E39D19C2C8E400C79A72 /* Sources */ = {
			isa = PBXSourcesBuildPhase;
			buildActionMask = 2147483647;
			files = (
				3F38E41B19C2EE1900C79A72 /* TipCalculatorModel.swift in Sources */,
				3F38E3A919C2C8E400C79A72 /* ViewController.swift in Sources */,
				3F38E3A719C2C8E400C79A72 /* AppDelegate.swift in Sources */,
			);
			runOnlyForDeploymentPostprocessing = 0;
		};
		3F38E3AF19C2C8E400C79A72 /* Sources */ = {
			isa = PBXSourcesBuildPhase;
			buildActionMask = 2147483647;
			files = (
				3F38E3BA19C2C8E400C79A72 /* TipCalculaterTests.swift in Sources */,
			);
			runOnlyForDeploymentPostprocessing = 0;
		};
/* End PBXSourcesBuildPhase section */

/* Begin PBXTargetDependency section */
		3F38E3B519C2C8E400C79A72 /* PBXTargetDependency */ = {
			isa = PBXTargetDependency;
			target = 3F38E3A019C2C8E400C79A72 /* TipCalculater */;
			targetProxy = 3F38E3B419C2C8E400C79A72 /* PBXContainerItemProxy */;
		};
/* End PBXTargetDependency section */

/* Begin PBXVariantGroup section */
		3F38E3AA19C2C8E400C79A72 /* Main.storyboard */ = {
			isa = PBXVariantGroup;
			children = (
				3F38E3AB19C2C8E400C79A72 /* Base */,
			);
			name = Main.storyboard;
			sourceTree = "<group>";
		};
/* End PBXVariantGroup section */

/* Begin XCBuildConfiguration section */
		3F38E3BB19C2C8E400C79A72 /* Debug */ = {
			isa = XCBuildConfiguration;
			buildSettings = {
				ALWAYS_SEARCH_USER_PATHS = NO;
				CLANG_CXX_LANGUAGE_STANDARD = "gnu++0x";
				CLANG_CXX_LIBRARY = "libc++";
				CLANG_ENABLE_MODULES = YES;
				CLANG_ENABLE_OBJC_ARC = YES;
				CLANG_WARN_BOOL_CONVERSION = YES;
				CLANG_WARN_CONSTANT_CONVERSION = YES;
				CLANG_WARN_DIRECT_OBJC_ISA_USAGE = YES_ERROR;
				CLANG_WARN_EMPTY_BODY = YES;
				CLANG_WARN_ENUM_CONVERSION = YES;
				CLANG_WARN_INT_CONVERSION = YES;
				CLANG_WARN_OBJC_ROOT_CLASS = YES_ERROR;
				CLANG_WARN_UNREACHABLE_CODE = YES;
				CLANG_WARN__DUPLICATE_METHOD_MATCH = YES;
				"CODE_SIGN_IDENTITY[sdk=iphoneos*]" = "iPhone Developer";
				COPY_PHASE_STRIP = NO;
				ENABLE_STRICT_OBJC_MSGSEND = YES;
				GCC_C_LANGUAGE_STANDARD = gnu99;
				GCC_DYNAMIC_NO_PIC = NO;
				GCC_OPTIMIZATION_LEVEL = 0;
				GCC_PREPROCESSOR_DEFINITIONS = (
					"DEBUG=1",
					"$(inherited)",
				);
				GCC_SYMBOLS_PRIVATE_EXTERN = NO;
				GCC_WARN_64_TO_32_BIT_CONVERSION = YES;
				GCC_WARN_ABOUT_RETURN_TYPE = YES_ERROR;
				GCC_WARN_UNDECLARED_SELECTOR = YES;
				GCC_WARN_UNINITIALIZED_AUTOS = YES_AGGRESSIVE;
				GCC_WARN_UNUSED_FUNCTION = YES;
				GCC_WARN_UNUSED_VARIABLE = YES;
				IPHONEOS_DEPLOYMENT_TARGET = 8.0;
				MTL_ENABLE_DEBUG_INFO = YES;
				ONLY_ACTIVE_ARCH = YES;
				SDKROOT = iphoneos;
				SWIFT_OPTIMIZATION_LEVEL = "-Onone";
			};
			name = Debug;
		};
		3F38E3BC19C2C8E400C79A72 /* Release */ = {
			isa = XCBuildConfiguration;
			buildSettings = {
				ALWAYS_SEARCH_USER_PATHS = NO;
				CLANG_CXX_LANGUAGE_STANDARD = "gnu++0x";
				CLANG_CXX_LIBRARY = "libc++";
				CLANG_ENABLE_MODULES = YES;
				CLANG_ENABLE_OBJC_ARC = YES;
				CLANG_WARN_BOOL_CONVERSION = YES;
				CLANG_WARN_CONSTANT_CONVERSION = YES;
				CLANG_WARN_DIRECT_OBJC_ISA_USAGE = YES_ERROR;
				CLANG_WARN_EMPTY_BODY = YES;
				CLANG_WARN_ENUM_CONVERSION = YES;
				CLANG_WARN_INT_CONVERSION = YES;
				CLANG_WARN_OBJC_ROOT_CLASS = YES_ERROR;
				CLANG_WARN_UNREACHABLE_CODE = YES;
				CLANG_WARN__DUPLICATE_METHOD_MATCH = YES;
				"CODE_SIGN_IDENTITY[sdk=iphoneos*]" = "iPhone Developer";
				COPY_PHASE_STRIP = YES;
				ENABLE_NS_ASSERTIONS = NO;
				ENABLE_STRICT_OBJC_MSGSEND = YES;
				GCC_C_LANGUAGE_STANDARD = gnu99;
				GCC_WARN_64_TO_32_BIT_CONVERSION = YES;
				GCC_WARN_ABOUT_RETURN_TYPE = YES_ERROR;
				GCC_WARN_UNDECLARED_SELECTOR = YES;
				GCC_WARN_UNINITIALIZED_AUTOS = YES_AGGRESSIVE;
				GCC_WARN_UNUSED_FUNCTION = YES;
				GCC_WARN_UNUSED_VARIABLE = YES;
				IPHONEOS_DEPLOYMENT_TARGET = 8.0;
				MTL_ENABLE_DEBUG_INFO = NO;
				SDKROOT = iphoneos;
				VALIDATE_PRODUCT = YES;
			};
			name = Release;
		};
		3F38E3BE19C2C8E400C79A72 /* Debug */ = {
			isa = XCBuildConfiguration;
			buildSettings = {
				ASSETCATALOG_COMPILER_APPICON_NAME = AppIcon;
				ASSETCATALOG_COMPILER_LAUNCHIMAGE_NAME = LaunchImage;
				INFOPLIST_FILE = TipCalculater/Info.plist;
				LD_RUNPATH_SEARCH_PATHS = "$(inherited) @executable_path/Frameworks";
				PRODUCT_NAME = "$(TARGET_NAME)";
			};
			name = Debug;
		};
		3F38E3BF19C2C8E400C79A72 /* Release */ = {
			isa = XCBuildConfiguration;
			buildSettings = {
				ASSETCATALOG_COMPILER_APPICON_NAME = AppIcon;
				ASSETCATALOG_COMPILER_LAUNCHIMAGE_NAME = LaunchImage;
				INFOPLIST_FILE = TipCalculater/Info.plist;
				LD_RUNPATH_SEARCH_PATHS = "$(inherited) @executable_path/Frameworks";
				PRODUCT_NAME = "$(TARGET_NAME)";
			};
			name = Release;
		};
		3F38E3C119C2C8E400C79A72 /* Debug */ = {
			isa = XCBuildConfiguration;
			buildSettings = {
				BUNDLE_LOADER = "$(BUILT_PRODUCTS_DIR)/TipCalculater.app/TipCalculater";
				FRAMEWORK_SEARCH_PATHS = (
					"$(SDKROOT)/Developer/Library/Frameworks",
					"$(inherited)",
				);
				GCC_PREPROCESSOR_DEFINITIONS = (
					"DEBUG=1",
					"$(inherited)",
				);
				INFOPLIST_FILE = TipCalculaterTests/Info.plist;
				LD_RUNPATH_SEARCH_PATHS = "$(inherited) @executable_path/Frameworks @loader_path/Frameworks";
				PRODUCT_NAME = "$(TARGET_NAME)";
				TEST_HOST = "$(BUNDLE_LOADER)";
			};
			name = Debug;
		};
		3F38E3C219C2C8E400C79A72 /* Release */ = {
			isa = XCBuildConfiguration;
			buildSettings = {
				BUNDLE_LOADER = "$(BUILT_PRODUCTS_DIR)/TipCalculater.app/TipCalculater";
				FRAMEWORK_SEARCH_PATHS = (
					"$(SDKROOT)/Developer/Library/Frameworks",
					"$(inherited)",
				);
				INFOPLIST_FILE = TipCalculaterTests/Info.plist;
				LD_RUNPATH_SEARCH_PATHS = "$(inherited) @executable_path/Frameworks @loader_path/Frameworks";
				PRODUCT_NAME = "$(TARGET_NAME)";
				TEST_HOST = "$(BUNDLE_LOADER)";
			};
			name = Release;
		};
/* End XCBuildConfiguration section */

/* Begin XCConfigurationList section */
		3F38E39C19C2C8E400C79A72 /* Build configuration list for PBXProject "TipCalculater" */ = {
			isa = XCConfigurationList;
			buildConfigurations = (
				3F38E3BB19C2C8E400C79A72 /* Debug */,
				3F38E3BC19C2C8E400C79A72 /* Release */,
			);
			defaultConfigurationIsVisible = 0;
			defaultConfigurationName = Release;
		};
		3F38E3BD19C2C8E400C79A72 /* Build configuration list for PBXNativeTarget "TipCalculater" */ = {
			isa = XCConfigurationList;
			buildConfigurations = (
				3F38E3BE19C2C8E400C79A72 /* Debug */,
				3F38E3BF19C2C8E400C79A72 /* Release */,
			);
			defaultConfigurationIsVisible = 0;
		};
		3F38E3C019C2C8E400C79A72 /* Build configuration list for PBXNativeTarget "TipCalculaterTests" */ = {
			isa = XCConfigurationList;
			buildConfigurations = (
				3F38E3C119C2C8E400C79A72 /* Debug */,
				3F38E3C219C2C8E400C79A72 /* Release */,
			);
			defaultConfigurationIsVisible = 0;
		};
/* End XCConfigurationList section */
	};
	rootObject = 3F38E39919C2C8E400C79A72 /* Project object */;
}
