// !$*UTF8*$!
{
	archiveVersion = 1;
	classes = {
	};
	objectVersion = 46;
	objects = {

/* Begin PBXBuildFile section */
		3FE2BD7419E7B26F003454FB /* AppDelegate.swift in Sources */ = {isa = PBXBuildFile; fileRef = 3FE2BD7319E7B26F003454FB /* AppDelegate.swift */; };
		3FE2BD7619E7B26F003454FB /* ViewController.swift in Sources */ = {isa = PBXBuildFile; fileRef = 3FE2BD7519E7B26F003454FB /* ViewController.swift */; };
		3FE2BD7919E7B26F003454FB /* Main.storyboard in Resources */ = {isa = PBXBuildFile; fileRef = 3FE2BD7719E7B26F003454FB /* Main.storyboard */; };
		3FE2BD7B19E7B26F003454FB /* Images.xcassets in Resources */ = {isa = PBXBuildFile; fileRef = 3FE2BD7A19E7B26F003454FB /* Images.xcassets */; };
		3FE2BD7E19E7B26F003454FB /* LaunchScreen.xib in Resources */ = {isa = PBXBuildFile; fileRef = 3FE2BD7C19E7B26F003454FB /* LaunchScreen.xib */; };
		3FE2BD8A19E7B26F003454FB /* Exam1_55011212148Tests.swift in Sources */ = {isa = PBXBuildFile; fileRef = 3FE2BD8919E7B26F003454FB /* Exam1_55011212148Tests.swift */; };
		3FE2BD9419E7BC36003454FB /* TipCalculatorModel.swift in Sources */ = {isa = PBXBuildFile; fileRef = 3FE2BD9319E7BC36003454FB /* TipCalculatorModel.swift */; };
/* End PBXBuildFile section */

/* Begin PBXContainerItemProxy section */
		3FE2BD8419E7B26F003454FB /* PBXContainerItemProxy */ = {
			isa = PBXContainerItemProxy;
			containerPortal = 3FE2BD6619E7B26E003454FB /* Project object */;
			proxyType = 1;
			remoteGlobalIDString = 3FE2BD6D19E7B26E003454FB;
			remoteInfo = Exam1_55011212148;
		};
/* End PBXContainerItemProxy section */

/* Begin PBXFileReference section */
		3FE2BD6E19E7B26F003454FB /* Exam1_55011212148.app */ = {isa = PBXFileReference; explicitFileType = wrapper.application; includeInIndex = 0; path = Exam1_55011212148.app; sourceTree = BUILT_PRODUCTS_DIR; };
		3FE2BD7219E7B26F003454FB /* Info.plist */ = {isa = PBXFileReference; lastKnownFileType = text.plist.xml; path = Info.plist; sourceTree = "<group>"; };
		3FE2BD7319E7B26F003454FB /* AppDelegate.swift */ = {isa = PBXFileReference; lastKnownFileType = sourcecode.swift; path = AppDelegate.swift; sourceTree = "<group>"; };
		3FE2BD7519E7B26F003454FB /* ViewController.swift */ = {isa = PBXFileReference; lastKnownFileType = sourcecode.swift; path = ViewController.swift; sourceTree = "<group>"; };
		3FE2BD7819E7B26F003454FB /* Base */ = {isa = PBXFileReference; lastKnownFileType = file.storyboard; name = Base; path = Base.lproj/Main.storyboard; sourceTree = "<group>"; };
		3FE2BD7A19E7B26F003454FB /* Images.xcassets */ = {isa = PBXFileReference; lastKnownFileType = folder.assetcatalog; path = Images.xcassets; sourceTree = "<group>"; };
		3FE2BD7D19E7B26F003454FB /* Base */ = {isa = PBXFileReference; lastKnownFileType = file.xib; name = Base; path = Base.lproj/LaunchScreen.xib; sourceTree = "<group>"; };
		3FE2BD8319E7B26F003454FB /* Exam1_55011212148Tests.xctest */ = {isa = PBXFileReference; explicitFileType = wrapper.cfbundle; includeInIndex = 0; path = Exam1_55011212148Tests.xctest; sourceTree = BUILT_PRODUCTS_DIR; };
		3FE2BD8819E7B26F003454FB /* Info.plist */ = {isa = PBXFileReference; lastKnownFileType = text.plist.xml; path = Info.plist; sourceTree = "<group>"; };
		3FE2BD8919E7B26F003454FB /* Exam1_55011212148Tests.swift */ = {isa = PBXFileReference; lastKnownFileType = sourcecode.swift; path = Exam1_55011212148Tests.swift; sourceTree = "<group>"; };
		3FE2BD9319E7BC36003454FB /* TipCalculatorModel.swift */ = {isa = PBXFileReference; fileEncoding = 4; lastKnownFileType = sourcecode.swift; name = TipCalculatorModel.swift; path = ../../TipCalculaterDelegate/TipCalculater/TipCalculatorModel.swift; sourceTree = "<group>"; };
/* End PBXFileReference section */

/* Begin PBXFrameworksBuildPhase section */
		3FE2BD6B19E7B26E003454FB /* Frameworks */ = {
			isa = PBXFrameworksBuildPhase;
			buildActionMask = 2147483647;
			files = (
			);
			runOnlyForDeploymentPostprocessing = 0;
		};
		3FE2BD8019E7B26F003454FB /* Frameworks */ = {
			isa = PBXFrameworksBuildPhase;
			buildActionMask = 2147483647;
			files = (
			);
			runOnlyForDeploymentPostprocessing = 0;
		};
/* End PBXFrameworksBuildPhase section */

/* Begin PBXGroup section */
		3FE2BD6519E7B26E003454FB = {
			isa = PBXGroup;
			children = (
				3FE2BD7019E7B26F003454FB /* Exam1_55011212148 */,
				3FE2BD8619E7B26F003454FB /* Exam1_55011212148Tests */,
				3FE2BD6F19E7B26F003454FB /* Products */,
			);
			sourceTree = "<group>";
		};
		3FE2BD6F19E7B26F003454FB /* Products */ = {
			isa = PBXGroup;
			children = (
				3FE2BD6E19E7B26F003454FB /* Exam1_55011212148.app */,
				3FE2BD8319E7B26F003454FB /* Exam1_55011212148Tests.xctest */,
			);
			name = Products;
			sourceTree = "<group>";
		};
		3FE2BD7019E7B26F003454FB /* Exam1_55011212148 */ = {
			isa = PBXGroup;
			children = (
				3FE2BD9319E7BC36003454FB /* TipCalculatorModel.swift */,
				3FE2BD7319E7B26F003454FB /* AppDelegate.swift */,
				3FE2BD7519E7B26F003454FB /* ViewController.swift */,
				3FE2BD7719E7B26F003454FB /* Main.storyboard */,
				3FE2BD7A19E7B26F003454FB /* Images.xcassets */,
				3FE2BD7C19E7B26F003454FB /* LaunchScreen.xib */,
				3FE2BD7119E7B26F003454FB /* Supporting Files */,
			);
			path = Exam1_55011212148;
			sourceTree = "<group>";
		};
		3FE2BD7119E7B26F003454FB /* Supporting Files */ = {
			isa = PBXGroup;
			children = (
				3FE2BD7219E7B26F003454FB /* Info.plist */,
			);
			name = "Supporting Files";
			sourceTree = "<group>";
		};
		3FE2BD8619E7B26F003454FB /* Exam1_55011212148Tests */ = {
			isa = PBXGroup;
			children = (
				3FE2BD8919E7B26F003454FB /* Exam1_55011212148Tests.swift */,
				3FE2BD8719E7B26F003454FB /* Supporting Files */,
			);
			path = Exam1_55011212148Tests;
			sourceTree = "<group>";
		};
		3FE2BD8719E7B26F003454FB /* Supporting Files */ = {
			isa = PBXGroup;
			children = (
				3FE2BD8819E7B26F003454FB /* Info.plist */,
			);
			name = "Supporting Files";
			sourceTree = "<group>";
		};
/* End PBXGroup section */

/* Begin PBXNativeTarget section */
		3FE2BD6D19E7B26E003454FB /* Exam1_55011212148 */ = {
			isa = PBXNativeTarget;
			buildConfigurationList = 3FE2BD8D19E7B26F003454FB /* Build configuration list for PBXNativeTarget "Exam1_55011212148" */;
			buildPhases = (
				3FE2BD6A19E7B26E003454FB /* Sources */,
				3FE2BD6B19E7B26E003454FB /* Frameworks */,
				3FE2BD6C19E7B26E003454FB /* Resources */,
			);
			buildRules = (
			);
			dependencies = (
			);
			name = Exam1_55011212148;
			productName = Exam1_55011212148;
			productReference = 3FE2BD6E19E7B26F003454FB /* Exam1_55011212148.app */;
			productType = "com.apple.product-type.application";
		};
		3FE2BD8219E7B26F003454FB /* Exam1_55011212148Tests */ = {
			isa = PBXNativeTarget;
			buildConfigurationList = 3FE2BD9019E7B26F003454FB /* Build configuration list for PBXNativeTarget "Exam1_55011212148Tests" */;
			buildPhases = (
				3FE2BD7F19E7B26F003454FB /* Sources */,
				3FE2BD8019E7B26F003454FB /* Frameworks */,
				3FE2BD8119E7B26F003454FB /* Resources */,
			);
			buildRules = (
			);
			dependencies = (
				3FE2BD8519E7B26F003454FB /* PBXTargetDependency */,
			);
			name = Exam1_55011212148Tests;
			productName = Exam1_55011212148Tests;
			productReference = 3FE2BD8319E7B26F003454FB /* Exam1_55011212148Tests.xctest */;
			productType = "com.apple.product-type.bundle.unit-test";
		};
/* End PBXNativeTarget section */

/* Begin PBXProject section */
		3FE2BD6619E7B26E003454FB /* Project object */ = {
			isa = PBXProject;
			attributes = {
				LastUpgradeCheck = 0600;
				ORGANIZATIONNAME = Student;
				TargetAttributes = {
					3FE2BD6D19E7B26E003454FB = {
						CreatedOnToolsVersion = 6.0;
					};
					3FE2BD8219E7B26F003454FB = {
						CreatedOnToolsVersion = 6.0;
						TestTargetID = 3FE2BD6D19E7B26E003454FB;
					};
				};
			};
			buildConfigurationList = 3FE2BD6919E7B26E003454FB /* Build configuration list for PBXProject "Exam1_55011212148" */;
			compatibilityVersion = "Xcode 3.2";
			developmentRegion = English;
			hasScannedForEncodings = 0;
			knownRegions = (
				en,
				Base,
			);
			mainGroup = 3FE2BD6519E7B26E003454FB;
			productRefGroup = 3FE2BD6F19E7B26F003454FB /* Products */;
			projectDirPath = "";
			projectRoot = "";
			targets = (
				3FE2BD6D19E7B26E003454FB /* Exam1_55011212148 */,
				3FE2BD8219E7B26F003454FB /* Exam1_55011212148Tests */,
			);
		};
/* End PBXProject section */

/* Begin PBXResourcesBuildPhase section */
		3FE2BD6C19E7B26E003454FB /* Resources */ = {
			isa = PBXResourcesBuildPhase;
			buildActionMask = 2147483647;
			files = (
				3FE2BD7919E7B26F003454FB /* Main.storyboard in Resources */,
				3FE2BD7E19E7B26F003454FB /* LaunchScreen.xib in Resources */,
				3FE2BD7B19E7B26F003454FB /* Images.xcassets in Resources */,
			);
			runOnlyForDeploymentPostprocessing = 0;
		};
		3FE2BD8119E7B26F003454FB /* Resources */ = {
			isa = PBXResourcesBuildPhase;
			buildActionMask = 2147483647;
			files = (
			);
			runOnlyForDeploymentPostprocessing = 0;
		};
/* End PBXResourcesBuildPhase section */

/* Begin PBXSourcesBuildPhase section */
		3FE2BD6A19E7B26E003454FB /* Sources */ = {
			isa = PBXSourcesBuildPhase;
			buildActionMask = 2147483647;
			files = (
				3FE2BD9419E7BC36003454FB /* TipCalculatorModel.swift in Sources */,
				3FE2BD7619E7B26F003454FB /* ViewController.swift in Sources */,
				3FE2BD7419E7B26F003454FB /* AppDelegate.swift in Sources */,
			);
			runOnlyForDeploymentPostprocessing = 0;
		};
		3FE2BD7F19E7B26F003454FB /* Sources */ = {
			isa = PBXSourcesBuildPhase;
			buildActionMask = 2147483647;
			files = (
				3FE2BD8A19E7B26F003454FB /* Exam1_55011212148Tests.swift in Sources */,
			);
			runOnlyForDeploymentPostprocessing = 0;
		};
/* End PBXSourcesBuildPhase section */

/* Begin PBXTargetDependency section */
		3FE2BD8519E7B26F003454FB /* PBXTargetDependency */ = {
			isa = PBXTargetDependency;
			target = 3FE2BD6D19E7B26E003454FB /* Exam1_55011212148 */;
			targetProxy = 3FE2BD8419E7B26F003454FB /* PBXContainerItemProxy */;
		};
/* End PBXTargetDependency section */

/* Begin PBXVariantGroup section */
		3FE2BD7719E7B26F003454FB /* Main.storyboard */ = {
			isa = PBXVariantGroup;
			children = (
				3FE2BD7819E7B26F003454FB /* Base */,
			);
			name = Main.storyboard;
			sourceTree = "<group>";
		};
		3FE2BD7C19E7B26F003454FB /* LaunchScreen.xib */ = {
			isa = PBXVariantGroup;
			children = (
				3FE2BD7D19E7B26F003454FB /* Base */,
			);
			name = LaunchScreen.xib;
			sourceTree = "<group>";
		};
/* End PBXVariantGroup section */

/* Begin XCBuildConfiguration section */
		3FE2BD8B19E7B26F003454FB /* Debug */ = {
			isa = XCBuildConfiguration;
			buildSettings = {
				ALWAYS_SEARCH_USER_PATHS = NO;
				CLANG_CXX_LANGUAGE_STANDARD = "gnu++0x";
				CLANG_CXX_LIBRARY = "libc++";
				CLANG_ENABLE_MODULES = YES;
				CLANG_ENABLE_OBJC_ARC = YES;
				CLANG_WARN_BOOL_CONVERSION = YES;
				CLANG_WARN_CONSTANT_CONVERSION = YES;
				CLANG_WARN_DIRECT_OBJC_ISA_USAGE = YES_ERROR;
				CLANG_WARN_EMPTY_BODY = YES;
				CLANG_WARN_ENUM_CONVERSION = YES;
				CLANG_WARN_INT_CONVERSION = YES;
				CLANG_WARN_OBJC_ROOT_CLASS = YES_ERROR;
				CLANG_WARN_UNREACHABLE_CODE = YES;
				CLANG_WARN__DUPLICATE_METHOD_MATCH = YES;
				"CODE_SIGN_IDENTITY[sdk=iphoneos*]" = "iPhone Developer";
				COPY_PHASE_STRIP = NO;
				ENABLE_STRICT_OBJC_MSGSEND = YES;
				GCC_C_LANGUAGE_STANDARD = gnu99;
				GCC_DYNAMIC_NO_PIC = NO;
				GCC_OPTIMIZATION_LEVEL = 0;
				GCC_PREPROCESSOR_DEFINITIONS = (
					"DEBUG=1",
					"$(inherited)",
				);
				GCC_SYMBOLS_PRIVATE_EXTERN = NO;
				GCC_WARN_64_TO_32_BIT_CONVERSION = YES;
				GCC_WARN_ABOUT_RETURN_TYPE = YES_ERROR;
				GCC_WARN_UNDECLARED_SELECTOR = YES;
				GCC_WARN_UNINITIALIZED_AUTOS = YES_AGGRESSIVE;
				GCC_WARN_UNUSED_FUNCTION = YES;
				GCC_WARN_UNUSED_VARIABLE = YES;
				IPHONEOS_DEPLOYMENT_TARGET = 8.0;
				MTL_ENABLE_DEBUG_INFO = YES;
				ONLY_ACTIVE_ARCH = YES;
				SDKROOT = iphoneos;
				SWIFT_OPTIMIZATION_LEVEL = "-Onone";
			};
			name = Debug;
		};
		3FE2BD8C19E7B26F003454FB /* Release */ = {
			isa = XCBuildConfiguration;
			buildSettings = {
				ALWAYS_SEARCH_USER_PATHS = NO;
				CLANG_CXX_LANGUAGE_STANDARD = "gnu++0x";
				CLANG_CXX_LIBRARY = "libc++";
				CLANG_ENABLE_MODULES = YES;
				CLANG_ENABLE_OBJC_ARC = YES;
				CLANG_WARN_BOOL_CONVERSION = YES;
				CLANG_WARN_CONSTANT_CONVERSION = YES;
				CLANG_WARN_DIRECT_OBJC_ISA_USAGE = YES_ERROR;
				CLANG_WARN_EMPTY_BODY = YES;
				CLANG_WARN_ENUM_CONVERSION = YES;
				CLANG_WARN_INT_CONVERSION = YES;
				CLANG_WARN_OBJC_ROOT_CLASS = YES_ERROR;
				CLANG_WARN_UNREACHABLE_CODE = YES;
				CLANG_WARN__DUPLICATE_METHOD_MATCH = YES;
				"CODE_SIGN_IDENTITY[sdk=iphoneos*]" = "iPhone Developer";
				COPY_PHASE_STRIP = YES;
				ENABLE_NS_ASSERTIONS = NO;
				ENABLE_STRICT_OBJC_MSGSEND = YES;
				GCC_C_LANGUAGE_STANDARD = gnu99;
				GCC_WARN_64_TO_32_BIT_CONVERSION = YES;
				GCC_WARN_ABOUT_RETURN_TYPE = YES_ERROR;
				GCC_WARN_UNDECLARED_SELECTOR = YES;
				GCC_WARN_UNINITIALIZED_AUTOS = YES_AGGRESSIVE;
				GCC_WARN_UNUSED_FUNCTION = YES;
				GCC_WARN_UNUSED_VARIABLE = YES;
				IPHONEOS_DEPLOYMENT_TARGET = 8.0;
				MTL_ENABLE_DEBUG_INFO = NO;
				SDKROOT = iphoneos;
				VALIDATE_PRODUCT = YES;
			};
			name = Release;
		};
		3FE2BD8E19E7B26F003454FB /* Debug */ = {
			isa = XCBuildConfiguration;
			buildSettings = {
				ASSETCATALOG_COMPILER_APPICON_NAME = AppIcon;
				INFOPLIST_FILE = Exam1_55011212148/Info.plist;
				LD_RUNPATH_SEARCH_PATHS = "$(inherited) @executable_path/Frameworks";
				PRODUCT_NAME = "$(TARGET_NAME)";
			};
			name = Debug;
		};
		3FE2BD8F19E7B26F003454FB /* Release */ = {
			isa = XCBuildConfiguration;
			buildSettings = {
				ASSETCATALOG_COMPILER_APPICON_NAME = AppIcon;
				INFOPLIST_FILE = Exam1_55011212148/Info.plist;
				LD_RUNPATH_SEARCH_PATHS = "$(inherited) @executable_path/Frameworks";
				PRODUCT_NAME = "$(TARGET_NAME)";
			};
			name = Release;
		};
		3FE2BD9119E7B26F003454FB /* Debug */ = {
			isa = XCBuildConfiguration;
			buildSettings = {
				BUNDLE_LOADER = "$(TEST_HOST)";
				FRAMEWORK_SEARCH_PATHS = (
					"$(SDKROOT)/Developer/Library/Frameworks",
					"$(inherited)",
				);
				GCC_PREPROCESSOR_DEFINITIONS = (
					"DEBUG=1",
					"$(inherited)",
				);
				INFOPLIST_FILE = Exam1_55011212148Tests/Info.plist;
				LD_RUNPATH_SEARCH_PATHS = "$(inherited) @executable_path/Frameworks @loader_path/Frameworks";
				PRODUCT_NAME = "$(TARGET_NAME)";
				TEST_HOST = "$(BUILT_PRODUCTS_DIR)/Exam1_55011212148.app/Exam1_55011212148";
			};
			name = Debug;
		};
		3FE2BD9219E7B26F003454FB /* Release */ = {
			isa = XCBuildConfiguration;
			buildSettings = {
				BUNDLE_LOADER = "$(TEST_HOST)";
				FRAMEWORK_SEARCH_PATHS = (
					"$(SDKROOT)/Developer/Library/Frameworks",
					"$(inherited)",
				);
				INFOPLIST_FILE = Exam1_55011212148Tests/Info.plist;
				LD_RUNPATH_SEARCH_PATHS = "$(inherited) @executable_path/Frameworks @loader_path/Frameworks";
				PRODUCT_NAME = "$(TARGET_NAME)";
				TEST_HOST = "$(BUILT_PRODUCTS_DIR)/Exam1_55011212148.app/Exam1_55011212148";
			};
			name = Release;
		};
/* End XCBuildConfiguration section */

/* Begin XCConfigurationList section */
		3FE2BD6919E7B26E003454FB /* Build configuration list for PBXProject "Exam1_55011212148" */ = {
			isa = XCConfigurationList;
			buildConfigurations = (
				3FE2BD8B19E7B26F003454FB /* Debug */,
				3FE2BD8C19E7B26F003454FB /* Release */,
			);
			defaultConfigurationIsVisible = 0;
			defaultConfigurationName = Release;
		};
		3FE2BD8D19E7B26F003454FB /* Build configuration list for PBXNativeTarget "Exam1_55011212148" */ = {
			isa = XCConfigurationList;
			buildConfigurations = (
				3FE2BD8E19E7B26F003454FB /* Debug */,
				3FE2BD8F19E7B26F003454FB /* Release */,
			);
			defaultConfigurationIsVisible = 0;
		};
		3FE2BD9019E7B26F003454FB /* Build configuration list for PBXNativeTarget "Exam1_55011212148Tests" */ = {
			isa = XCConfigurationList;
			buildConfigurations = (
				3FE2BD9119E7B26F003454FB /* Debug */,
				3FE2BD9219E7B26F003454FB /* Release */,
			);
			defaultConfigurationIsVisible = 0;
		};
/* End XCConfigurationList section */
	};
	rootObject = 3FE2BD6619E7B26E003454FB /* Project object */;
}
